
Microsoft Visual Studio Solution File, Format Version 12.00
# Visual Studio Version 16
VisualStudioVersion = 16.0.30309.148
MinimumVisualStudioVersion = 10.0.40219.1
Project("{FAE04EC0-301F-11D3-BF4B-00C04F79EFBC}") = "ChatRoom", "ChatRoom\ChatRoom.csproj", "{E1101826-0119-4FA2-863A-0444423D4ED1}"
EndProject
Project("{FAE04EC0-301F-11D3-BF4B-00C04F79EFBC}") = "API", "API\API.csproj", "{52779082-0D46-425C-A601-4DEDEDA4181F}"
EndProject
Project("{FAE04EC0-301F-11D3-BF4B-00C04F79EFBC}") = "ChatRoomTests", "ChatRoomTests\ChatRoomTests.csproj", "{2B628308-0C07-4FBC-B918-17D70E89D490}"
EndProject
Global
	GlobalSection(SolutionConfigurationPlatforms) = preSolution
		Debug|Any CPU = Debug|Any CPU
		Release|Any CPU = Release|Any CPU
	EndGlobalSection
	GlobalSection(ProjectConfigurationPlatforms) = postSolution
		{E1101826-0119-4FA2-863A-0444423D4ED1}.Debug|Any CPU.ActiveCfg = Debug|Any CPU
		{E1101826-0119-4FA2-863A-0444423D4ED1}.Debug|Any CPU.Build.0 = Debug|Any CPU
		{E1101826-0119-4FA2-863A-0444423D4ED1}.Release|Any CPU.ActiveCfg = Release|Any CPU
		{E1101826-0119-4FA2-863A-0444423D4ED1}.Release|Any CPU.Build.0 = Release|Any CPU
		{52779082-0D46-425C-A601-4DEDEDA4181F}.Debug|Any CPU.ActiveCfg = Debug|Any CPU
		{52779082-0D46-425C-A601-4DEDEDA4181F}.Debug|Any CPU.Build.0 = Debug|Any CPU
		{52779082-0D46-425C-A601-4DEDEDA4181F}.Release|Any CPU.ActiveCfg = Release|Any CPU
		{52779082-0D46-425C-A601-4DEDEDA4181F}.Release|Any CPU.Build.0 = Release|Any CPU
		{2B628308-0C07-4FBC-B918-17D70E89D490}.Debug|Any CPU.ActiveCfg = Debug|Any CPU
		{2B628308-0C07-4FBC-B918-17D70E89D490}.Debug|Any CPU.Build.0 = Debug|Any CPU
		{2B628308-0C07-4FBC-B918-17D70E89D490}.Release|Any CPU.ActiveCfg = Release|Any CPU
		{2B628308-0C07-4FBC-B918-17D70E89D490}.Release|Any CPU.Build.0 = Release|Any CPU
	EndGlobalSection
	GlobalSection(SolutionProperties) = preSolution
		HideSolutionNode = FALSE
	EndGlobalSection
	GlobalSection(ExtensibilityGlobals) = postSolution
		SolutionGuid = {57C83904-5AE5-4A44-B838-5FB43A4E2D7E}
	EndGlobalSection
EndGlobal
